hash: 8b2bbdb4ac838343eb1f92e54607c34592a26774b0803a709638305b6eb1f37e
updated: 2017-11-17T02:26:31.931193215Z
imports:
- name: github.com/gorilla/context
  version: 08b5f424b9271eedf6f9f0ce86cb9396ed337a42
- name: github.com/gorilla/mux
  version: 2d5fef06b891c971b14aa6f71ca5ab6c03a36e0e
testImports: []
